
Microsoft Visual Studio Solution File, Format Version 12.00
# Visual Studio Version 17
VisualStudioVersion = 17.0.31903.59
MinimumVisualStudioVersion = 10.0.40219.1
Project("{FAE04EC0-301F-11D3-BF4B-00C04F79EFBC}") = "ModelLayer", "ModelLayer\ModelLayer.csproj", "{003E8B0B-B7BE-4F92-A2B7-416EF4AEFCC4}"
EndProject
Project("{FAE04EC0-301F-11D3-BF4B-00C04F79EFBC}") = "BusinessLayer", "BusinessLayer\BusinessLayer.csproj", "{89454C76-DEE3-4549-993B-650B4C9AE589}"
EndProject
Global
	GlobalSection(SolutionConfigurationPlatforms) = preSolution
		Debug|Any CPU = Debug|Any CPU
		Release|Any CPU = Release|Any CPU
	EndGlobalSection
	GlobalSection(SolutionProperties) = preSolution
		HideSolutionNode = FALSE
	EndGlobalSection
	GlobalSection(ProjectConfigurationPlatforms) = postSolution
		{003E8B0B-B7BE-4F92-A2B7-416EF4AEFCC4}.Debug|Any CPU.ActiveCfg = Debug|Any CPU
		{003E8B0B-B7BE-4F92-A2B7-416EF4AEFCC4}.Debug|Any CPU.Build.0 = Debug|Any CPU
		{003E8B0B-B7BE-4F92-A2B7-416EF4AEFCC4}.Release|Any CPU.ActiveCfg = Release|Any CPU
		{003E8B0B-B7BE-4F92-A2B7-416EF4AEFCC4}.Release|Any CPU.Build.0 = Release|Any CPU
		{89454C76-DEE3-4549-993B-650B4C9AE589}.Debug|Any CPU.ActiveCfg = Debug|Any CPU
		{89454C76-DEE3-4549-993B-650B4C9AE589}.Debug|Any CPU.Build.0 = Debug|Any CPU
		{89454C76-DEE3-4549-993B-650B4C9AE589}.Release|Any CPU.ActiveCfg = Release|Any CPU
		{89454C76-DEE3-4549-993B-650B4C9AE589}.Release|Any CPU.Build.0 = Release|Any CPU
	EndGlobalSection
EndGlobal
